Microsoft Visual Studio Solution File, Format Version 12.00
# Visual Studio 14
Project("{8BC9CEB8-8B4A-11D0-8D11-00A0C91BC942}") = "ALL_BUILD", "ALL_BUILD.vcxproj", "{2A9E1516-CB78-4621-AF46-046787C6ED4A}"
	ProjectSection(ProjectDependencies) = postProject
		{B3CDB715-FD26-419A-B589-E4BB6749E57E} = {B3CDB715-FD26-419A-B589-E4BB6749E57E}
		{DDBA9EE7-1AC4-47CE-9D60-6FBE9BD24177} = {DDBA9EE7-1AC4-47CE-9D60-6FBE9BD24177}
		{25F1D1F9-C125-4E23-8659-0414E07DDC17} = {25F1D1F9-C125-4E23-8659-0414E07DDC17}
		{C0619AC8-AC07-4044-9159-86E0FAB47392} = {C0619AC8-AC07-4044-9159-86E0FAB47392}
		{2E9B848D-C5B1-437C-AB6C-93DEC7B41D62} = {2E9B848D-C5B1-437C-AB6C-93DEC7B41D62}
		{49D67E60-E6A8-40DB-90C6-38590E9D2FD6} = {49D67E60-E6A8-40DB-90C6-38590E9D2FD6}
		{D3FBFF52-3468-4A93-8EC3-BAD7BF160CA3} = {D3FBFF52-3468-4A93-8EC3-BAD7BF160CA3}
		{19ACAECF-7D2D-4991-86FD-12711A952739} = {19ACAECF-7D2D-4991-86FD-12711A952739}
		{B812F13B-EF53-4F30-8B1F-DD1A5255BC87} = {B812F13B-EF53-4F30-8B1F-DD1A5255BC87}
		{35A8B7FC-4E36-4BA4-B0F0-BF8BACDE6B3D} = {35A8B7FC-4E36-4BA4-B0F0-BF8BACDE6B3D}
		{40A82954-4F8A-4867-9395-8FA47838093F} = {40A82954-4F8A-4867-9395-8FA47838093F}
		{DB39C0E0-78CD-4D4C-9D07-B3F78F5EB6BA} = {DB39C0E0-78CD-4D4C-9D07-B3F78F5EB6BA}
		{D4F70D1D-796F-4134-9B6D-081A76E25EDD} = {D4F70D1D-796F-4134-9B6D-081A76E25EDD}
		{D2919627-DA64-47B3-887A-5BA3EF7700D8} = {D2919627-DA64-47B3-887A-5BA3EF7700D8}
		{48D6ACB3-0778-44B6-9E36-9CB680D196C5} = {48D6ACB3-0778-44B6-9E36-9CB680D196C5}
		{2319DC5F-9714-4149-B9B1-9AD4B16ACAC1} = {2319DC5F-9714-4149-B9B1-9AD4B16ACAC1}
		{AEA42B13-B210-4A4E-819B-FC481C52C3F2} = {AEA42B13-B210-4A4E-819B-FC481C52C3F2}
		{90C6DB0A-CC12-4A31-92AD-001319672E99} = {90C6DB0A-CC12-4A31-92AD-001319672E99}
		{C498F02D-2EEA-4635-8063-5011A89B6F26} = {C498F02D-2EEA-4635-8063-5011A89B6F26}
		{E6BC1C66-ECAC-4B64-873E-6B35BE787E8D} = {E6BC1C66-ECAC-4B64-873E-6B35BE787E8D}
		{FC402B3D-324D-4F24-B88C-71E441C9FC9C} = {FC402B3D-324D-4F24-B88C-71E441C9FC9C}
		{935B629A-D2FE-494F-89D3-7DB5C8267DD7} = {935B629A-D2FE-494F-89D3-7DB5C8267DD7}
		{79940F48-F13B-4D2A-887A-682BF7C1FE78} = {79940F48-F13B-4D2A-887A-682BF7C1FE78}
		{33BC9AB7-8906-4918-AD4E-4418D21E86F2} = {33BC9AB7-8906-4918-AD4E-4418D21E86F2}
		{88D7564D-7616-4A8F-926A-08C15CA45F44} = {88D7564D-7616-4A8F-926A-08C15CA45F44}
		{0451B2C0-1486-4845-B9FE-AA220679BF6E} = {0451B2C0-1486-4845-B9FE-AA220679BF6E}
		{F074E681-7128-4308-B9B9-27CA24589F40} = {F074E681-7128-4308-B9B9-27CA24589F40}
		{D2424FB9-EA48-4929-AD51-793C73828189} = {D2424FB9-EA48-4929-AD51-793C73828189}
		{B2C06581-6121-4CEE-816E-959495A63857} = {B2C06581-6121-4CEE-816E-959495A63857}
	EndProjectSection
EndProject
Project("{8BC9CEB8-8B4A-11D0-8D11-00A0C91BC942}") = "INSTALL", "INSTALL.vcxproj", "{73DC818F-8FE0-46B6-91AB-AAEE332F9F8D}"
	ProjectSection(ProjectDependencies) = postProject
		{2A9E1516-CB78-4621-AF46-046787C6ED4A} = {2A9E1516-CB78-4621-AF46-046787C6ED4A}
	EndProjectSection
EndProject
Project("{8BC9CEB8-8B4A-11D0-8D11-00A0C91BC942}") = "ZERO_CHECK", "ZERO_CHECK.vcxproj", "{B3CDB715-FD26-419A-B589-E4BB6749E57E}"
	ProjectSection(ProjectDependencies) = postProject
	EndProjectSection
EndProject
Project("{8BC9CEB8-8B4A-11D0-8D11-00A0C91BC942}") = "accuracy", "tests\accuracy.vcxproj", "{DDBA9EE7-1AC4-47CE-9D60-6FBE9BD24177}"
	ProjectSection(ProjectDependencies) = postProject
		{B3CDB715-FD26-419A-B589-E4BB6749E57E} = {B3CDB715-FD26-419A-B589-E4BB6749E57E}
		{D4F70D1D-796F-4134-9B6D-081A76E25EDD} = {D4F70D1D-796F-4134-9B6D-081A76E25EDD}
	EndProjectSection
EndProject
Project("{8BC9CEB8-8B4A-11D0-8D11-00A0C91BC942}") = "boing", "examples\boing.vcxproj", "{25F1D1F9-C125-4E23-8659-0414E07DDC17}"
	ProjectSection(ProjectDependencies) = postProject
		{B3CDB715-FD26-419A-B589-E4BB6749E57E} = {B3CDB715-FD26-419A-B589-E4BB6749E57E}
		{D4F70D1D-796F-4134-9B6D-081A76E25EDD} = {D4F70D1D-796F-4134-9B6D-081A76E25EDD}
	EndProjectSection
EndProject
Project("{8BC9CEB8-8B4A-11D0-8D11-00A0C91BC942}") = "clipboard", "tests\clipboard.vcxproj", "{C0619AC8-AC07-4044-9159-86E0FAB47392}"
	ProjectSection(ProjectDependencies) = postProject
		{B3CDB715-FD26-419A-B589-E4BB6749E57E} = {B3CDB715-FD26-419A-B589-E4BB6749E57E}
		{D4F70D1D-796F-4134-9B6D-081A76E25EDD} = {D4F70D1D-796F-4134-9B6D-081A76E25EDD}
	EndProjectSection
EndProject
Project("{8BC9CEB8-8B4A-11D0-8D11-00A0C91BC942}") = "cursor", "tests\cursor.vcxproj", "{2E9B848D-C5B1-437C-AB6C-93DEC7B41D62}"
	ProjectSection(ProjectDependencies) = postProject
		{B3CDB715-FD26-419A-B589-E4BB6749E57E} = {B3CDB715-FD26-419A-B589-E4BB6749E57E}
		{D4F70D1D-796F-4134-9B6D-081A76E25EDD} = {D4F70D1D-796F-4134-9B6D-081A76E25EDD}
	EndProjectSection
EndProject
Project("{8BC9CEB8-8B4A-11D0-8D11-00A0C91BC942}") = "cursoranim", "tests\cursoranim.vcxproj", "{49D67E60-E6A8-40DB-90C6-38590E9D2FD6}"
	ProjectSection(ProjectDependencies) = postProject
		{B3CDB715-FD26-419A-B589-E4BB6749E57E} = {B3CDB715-FD26-419A-B589-E4BB6749E57E}
		{D4F70D1D-796F-4134-9B6D-081A76E25EDD} = {D4F70D1D-796F-4134-9B6D-081A76E25EDD}
	EndProjectSection
EndProject
Project("{8BC9CEB8-8B4A-11D0-8D11-00A0C91BC942}") = "defaults", "tests\defaults.vcxproj", "{D3FBFF52-3468-4A93-8EC3-BAD7BF160CA3}"
	ProjectSection(ProjectDependencies) = postProject
		{B3CDB715-FD26-419A-B589-E4BB6749E57E} = {B3CDB715-FD26-419A-B589-E4BB6749E57E}
		{D4F70D1D-796F-4134-9B6D-081A76E25EDD} = {D4F70D1D-796F-4134-9B6D-081A76E25EDD}
	EndProjectSection
EndProject
Project("{8BC9CEB8-8B4A-11D0-8D11-00A0C91BC942}") = "empty", "tests\empty.vcxproj", "{19ACAECF-7D2D-4991-86FD-12711A952739}"
	ProjectSection(ProjectDependencies) = postProject
		{B3CDB715-FD26-419A-B589-E4BB6749E57E} = {B3CDB715-FD26-419A-B589-E4BB6749E57E}
		{D4F70D1D-796F-4134-9B6D-081A76E25EDD} = {D4F70D1D-796F-4134-9B6D-081A76E25EDD}
	EndProjectSection
EndProject
Project("{8BC9CEB8-8B4A-11D0-8D11-00A0C91BC942}") = "events", "tests\events.vcxproj", "{B812F13B-EF53-4F30-8B1F-DD1A5255BC87}"
	ProjectSection(ProjectDependencies) = postProject
		{B3CDB715-FD26-419A-B589-E4BB6749E57E} = {B3CDB715-FD26-419A-B589-E4BB6749E57E}
		{D4F70D1D-796F-4134-9B6D-081A76E25EDD} = {D4F70D1D-796F-4134-9B6D-081A76E25EDD}
	EndProjectSection
EndProject
Project("{8BC9CEB8-8B4A-11D0-8D11-00A0C91BC942}") = "fsaa", "tests\fsaa.vcxproj", "{35A8B7FC-4E36-4BA4-B0F0-BF8BACDE6B3D}"
	ProjectSection(ProjectDependencies) = postProject
		{B3CDB715-FD26-419A-B589-E4BB6749E57E} = {B3CDB715-FD26-419A-B589-E4BB6749E57E}
		{D4F70D1D-796F-4134-9B6D-081A76E25EDD} = {D4F70D1D-796F-4134-9B6D-081A76E25EDD}
	EndProjectSection
EndProject
Project("{8BC9CEB8-8B4A-11D0-8D11-00A0C91BC942}") = "gamma", "tests\gamma.vcxproj", "{40A82954-4F8A-4867-9395-8FA47838093F}"
	ProjectSection(ProjectDependencies) = postProject
		{B3CDB715-FD26-419A-B589-E4BB6749E57E} = {B3CDB715-FD26-419A-B589-E4BB6749E57E}
		{D4F70D1D-796F-4134-9B6D-081A76E25EDD} = {D4F70D1D-796F-4134-9B6D-081A76E25EDD}
	EndProjectSection
EndProject
Project("{8BC9CEB8-8B4A-11D0-8D11-00A0C91BC942}") = "gears", "examples\gears.vcxproj", "{DB39C0E0-78CD-4D4C-9D07-B3F78F5EB6BA}"
	ProjectSection(ProjectDependencies) = postProject
		{B3CDB715-FD26-419A-B589-E4BB6749E57E} = {B3CDB715-FD26-419A-B589-E4BB6749E57E}
		{D4F70D1D-796F-4134-9B6D-081A76E25EDD} = {D4F70D1D-796F-4134-9B6D-081A76E25EDD}
	EndProjectSection
EndProject
Project("{8BC9CEB8-8B4A-11D0-8D11-00A0C91BC942}") = "glfw", "src\glfw.vcxproj", "{D4F70D1D-796F-4134-9B6D-081A76E25EDD}"
	ProjectSection(ProjectDependencies) = postProject
		{B3CDB715-FD26-419A-B589-E4BB6749E57E} = {B3CDB715-FD26-419A-B589-E4BB6749E57E}
	EndProjectSection
EndProject
Project("{8BC9CEB8-8B4A-11D0-8D11-00A0C91BC942}") = "glfwinfo", "tests\glfwinfo.vcxproj", "{D2919627-DA64-47B3-887A-5BA3EF7700D8}"
	ProjectSection(ProjectDependencies) = postProject
		{B3CDB715-FD26-419A-B589-E4BB6749E57E} = {B3CDB715-FD26-419A-B589-E4BB6749E57E}
		{D4F70D1D-796F-4134-9B6D-081A76E25EDD} = {D4F70D1D-796F-4134-9B6D-081A76E25EDD}
	EndProjectSection
EndProject
Project("{8BC9CEB8-8B4A-11D0-8D11-00A0C91BC942}") = "heightmap", "examples\heightmap.vcxproj", "{48D6ACB3-0778-44B6-9E36-9CB680D196C5}"
	ProjectSection(ProjectDependencies) = postProject
		{B3CDB715-FD26-419A-B589-E4BB6749E57E} = {B3CDB715-FD26-419A-B589-E4BB6749E57E}
		{D4F70D1D-796F-4134-9B6D-081A76E25EDD} = {D4F70D1D-796F-4134-9B6D-081A76E25EDD}
	EndProjectSection
EndProject
Project("{8BC9CEB8-8B4A-11D0-8D11-00A0C91BC942}") = "iconify", "tests\iconify.vcxproj", "{2319DC5F-9714-4149-B9B1-9AD4B16ACAC1}"
	ProjectSection(ProjectDependencies) = postProject
		{B3CDB715-FD26-419A-B589-E4BB6749E57E} = {B3CDB715-FD26-419A-B589-E4BB6749E57E}
		{D4F70D1D-796F-4134-9B6D-081A76E25EDD} = {D4F70D1D-796F-4134-9B6D-081A76E25EDD}
	EndProjectSection
EndProject
Project("{8BC9CEB8-8B4A-11D0-8D11-00A0C91BC942}") = "joysticks", "tests\joysticks.vcxproj", "{AEA42B13-B210-4A4E-819B-FC481C52C3F2}"
	ProjectSection(ProjectDependencies) = postProject
		{B3CDB715-FD26-419A-B589-E4BB6749E57E} = {B3CDB715-FD26-419A-B589-E4BB6749E57E}
		{D4F70D1D-796F-4134-9B6D-081A76E25EDD} = {D4F70D1D-796F-4134-9B6D-081A76E25EDD}
	EndProjectSection
EndProject
Project("{8BC9CEB8-8B4A-11D0-8D11-00A0C91BC942}") = "monitors", "tests\monitors.vcxproj", "{90C6DB0A-CC12-4A31-92AD-001319672E99}"
	ProjectSection(ProjectDependencies) = postProject
		{B3CDB715-FD26-419A-B589-E4BB6749E57E} = {B3CDB715-FD26-419A-B589-E4BB6749E57E}
		{D4F70D1D-796F-4134-9B6D-081A76E25EDD} = {D4F70D1D-796F-4134-9B6D-081A76E25EDD}
	EndProjectSection
EndProject
Project("{8BC9CEB8-8B4A-11D0-8D11-00A0C91BC942}") = "particles", "examples\particles.vcxproj", "{C498F02D-2EEA-4635-8063-5011A89B6F26}"
	ProjectSection(ProjectDependencies) = postProject
		{B3CDB715-FD26-419A-B589-E4BB6749E57E} = {B3CDB715-FD26-419A-B589-E4BB6749E57E}
		{D4F70D1D-796F-4134-9B6D-081A76E25EDD} = {D4F70D1D-796F-4134-9B6D-081A76E25EDD}
	EndProjectSection
EndProject
Project("{8BC9CEB8-8B4A-11D0-8D11-00A0C91BC942}") = "peter", "tests\peter.vcxproj", "{E6BC1C66-ECAC-4B64-873E-6B35BE787E8D}"
	ProjectSection(ProjectDependencies) = postProject
		{B3CDB715-FD26-419A-B589-E4BB6749E57E} = {B3CDB715-FD26-419A-B589-E4BB6749E57E}
		{D4F70D1D-796F-4134-9B6D-081A76E25EDD} = {D4F70D1D-796F-4134-9B6D-081A76E25EDD}
	EndProjectSection
EndProject
Project("{8BC9CEB8-8B4A-11D0-8D11-00A0C91BC942}") = "reopen", "tests\reopen.vcxproj", "{FC402B3D-324D-4F24-B88C-71E441C9FC9C}"
	ProjectSection(ProjectDependencies) = postProject
		{B3CDB715-FD26-419A-B589-E4BB6749E57E} = {B3CDB715-FD26-419A-B589-E4BB6749E57E}
		{D4F70D1D-796F-4134-9B6D-081A76E25EDD} = {D4F70D1D-796F-4134-9B6D-081A76E25EDD}
	EndProjectSection
EndProject
Project("{8BC9CEB8-8B4A-11D0-8D11-00A0C91BC942}") = "sharing", "tests\sharing.vcxproj", "{935B629A-D2FE-494F-89D3-7DB5C8267DD7}"
	ProjectSection(ProjectDependencies) = postProject
		{B3CDB715-FD26-419A-B589-E4BB6749E57E} = {B3CDB715-FD26-419A-B589-E4BB6749E57E}
		{D4F70D1D-796F-4134-9B6D-081A76E25EDD} = {D4F70D1D-796F-4134-9B6D-081A76E25EDD}
	EndProjectSection
EndProject
Project("{8BC9CEB8-8B4A-11D0-8D11-00A0C91BC942}") = "simple", "examples\simple.vcxproj", "{79940F48-F13B-4D2A-887A-682BF7C1FE78}"
	ProjectSection(ProjectDependencies) = postProject
		{B3CDB715-FD26-419A-B589-E4BB6749E57E} = {B3CDB715-FD26-419A-B589-E4BB6749E57E}
		{D4F70D1D-796F-4134-9B6D-081A76E25EDD} = {D4F70D1D-796F-4134-9B6D-081A76E25EDD}
	EndProjectSection
EndProject
Project("{8BC9CEB8-8B4A-11D0-8D11-00A0C91BC942}") = "splitview", "examples\splitview.vcxproj", "{33BC9AB7-8906-4918-AD4E-4418D21E86F2}"
	ProjectSection(ProjectDependencies) = postProject
		{B3CDB715-FD26-419A-B589-E4BB6749E57E} = {B3CDB715-FD26-419A-B589-E4BB6749E57E}
		{D4F70D1D-796F-4134-9B6D-081A76E25EDD} = {D4F70D1D-796F-4134-9B6D-081A76E25EDD}
	EndProjectSection
EndProject
Project("{8BC9CEB8-8B4A-11D0-8D11-00A0C91BC942}") = "tearing", "tests\tearing.vcxproj", "{88D7564D-7616-4A8F-926A-08C15CA45F44}"
	ProjectSection(ProjectDependencies) = postProject
		{B3CDB715-FD26-419A-B589-E4BB6749E57E} = {B3CDB715-FD26-419A-B589-E4BB6749E57E}
		{D4F70D1D-796F-4134-9B6D-081A76E25EDD} = {D4F70D1D-796F-4134-9B6D-081A76E25EDD}
	EndProjectSection
EndProject
Project("{8BC9CEB8-8B4A-11D0-8D11-00A0C91BC942}") = "threads", "tests\threads.vcxproj", "{0451B2C0-1486-4845-B9FE-AA220679BF6E}"
	ProjectSection(ProjectDependencies) = postProject
		{B3CDB715-FD26-419A-B589-E4BB6749E57E} = {B3CDB715-FD26-419A-B589-E4BB6749E57E}
		{D4F70D1D-796F-4134-9B6D-081A76E25EDD} = {D4F70D1D-796F-4134-9B6D-081A76E25EDD}
	EndProjectSection
EndProject
Project("{8BC9CEB8-8B4A-11D0-8D11-00A0C91BC942}") = "title", "tests\title.vcxproj", "{F074E681-7128-4308-B9B9-27CA24589F40}"
	ProjectSection(ProjectDependencies) = postProject
		{B3CDB715-FD26-419A-B589-E4BB6749E57E} = {B3CDB715-FD26-419A-B589-E4BB6749E57E}
		{D4F70D1D-796F-4134-9B6D-081A76E25EDD} = {D4F70D1D-796F-4134-9B6D-081A76E25EDD}
	EndProjectSection
EndProject
Project("{8BC9CEB8-8B4A-11D0-8D11-00A0C91BC942}") = "uninstall", "uninstall.vcxproj", "{9640468F-DAB4-40A5-9AA5-A21E93438641}"
	ProjectSection(ProjectDependencies) = postProject
		{B3CDB715-FD26-419A-B589-E4BB6749E57E} = {B3CDB715-FD26-419A-B589-E4BB6749E57E}
	EndProjectSection
EndProject
Project("{8BC9CEB8-8B4A-11D0-8D11-00A0C91BC942}") = "wave", "examples\wave.vcxproj", "{D2424FB9-EA48-4929-AD51-793C73828189}"
	ProjectSection(ProjectDependencies) = postProject
		{B3CDB715-FD26-419A-B589-E4BB6749E57E} = {B3CDB715-FD26-419A-B589-E4BB6749E57E}
		{D4F70D1D-796F-4134-9B6D-081A76E25EDD} = {D4F70D1D-796F-4134-9B6D-081A76E25EDD}
	EndProjectSection
EndProject
Project("{8BC9CEB8-8B4A-11D0-8D11-00A0C91BC942}") = "windows", "tests\windows.vcxproj", "{B2C06581-6121-4CEE-816E-959495A63857}"
	ProjectSection(ProjectDependencies) = postProject
		{B3CDB715-FD26-419A-B589-E4BB6749E57E} = {B3CDB715-FD26-419A-B589-E4BB6749E57E}
		{D4F70D1D-796F-4134-9B6D-081A76E25EDD} = {D4F70D1D-796F-4134-9B6D-081A76E25EDD}
	EndProjectSection
EndProject
Project("{2150E333-8FDC-42A3-9474-1A3956D46DE8}") = "CMakePredefinedTargets", "CMakePredefinedTargets", "{4DEFF6C3-D2AC-446A-A90A-3AF40677B55F}"
EndProject
Project("{2150E333-8FDC-42A3-9474-1A3956D46DE8}") = "GLFW3", "GLFW3", "{BBF5436C-F2D1-4F74-ABDB-E01FEB478B30}"
EndProject
Project("{2150E333-8FDC-42A3-9474-1A3956D46DE8}") = "Examples", "GLFW3\Examples", "{10AFA3A5-F8C8-4C0A-B6FE-AF6665A14832}"
EndProject
Project("{2150E333-8FDC-42A3-9474-1A3956D46DE8}") = "Tests", "GLFW3\Tests", "{D874A845-BB65-4048-85E2-B5BE2F49A1E9}"
EndProject
Global
	GlobalSection(SolutionConfigurationPlatforms) = preSolution
		Debug|Win32 = Debug|Win32
		Release|Win32 = Release|Win32
		MinSizeRel|Win32 = MinSizeRel|Win32
		RelWithDebInfo|Win32 = RelWithDebInfo|Win32
	EndGlobalSection
	GlobalSection(ProjectConfigurationPlatforms) = postSolution
		{2A9E1516-CB78-4621-AF46-046787C6ED4A}.Debug|Win32.ActiveCfg = Debug|Win32
		{2A9E1516-CB78-4621-AF46-046787C6ED4A}.Debug|Win32.Build.0 = Debug|Win32
		{2A9E1516-CB78-4621-AF46-046787C6ED4A}.Release|Win32.ActiveCfg = Release|Win32
		{2A9E1516-CB78-4621-AF46-046787C6ED4A}.Release|Win32.Build.0 = Release|Win32
		{2A9E1516-CB78-4621-AF46-046787C6ED4A}.MinSizeRel|Win32.ActiveCfg = MinSizeRel|Win32
		{2A9E1516-CB78-4621-AF46-046787C6ED4A}.MinSizeRel|Win32.Build.0 = MinSizeRel|Win32
		{2A9E1516-CB78-4621-AF46-046787C6ED4A}.RelWithDebInfo|Win32.ActiveCfg = RelWithDebInfo|Win32
		{2A9E1516-CB78-4621-AF46-046787C6ED4A}.RelWithDebInfo|Win32.Build.0 = RelWithDebInfo|Win32
		{73DC818F-8FE0-46B6-91AB-AAEE332F9F8D}.Debug|Win32.ActiveCfg = Debug|Win32
		{73DC818F-8FE0-46B6-91AB-AAEE332F9F8D}.Release|Win32.ActiveCfg = Release|Win32
		{73DC818F-8FE0-46B6-91AB-AAEE332F9F8D}.MinSizeRel|Win32.ActiveCfg = MinSizeRel|Win32
		{73DC818F-8FE0-46B6-91AB-AAEE332F9F8D}.RelWithDebInfo|Win32.ActiveCfg = RelWithDebInfo|Win32
		{B3CDB715-FD26-419A-B589-E4BB6749E57E}.Debug|Win32.ActiveCfg = Debug|Win32
		{B3CDB715-FD26-419A-B589-E4BB6749E57E}.Debug|Win32.Build.0 = Debug|Win32
		{B3CDB715-FD26-419A-B589-E4BB6749E57E}.Release|Win32.ActiveCfg = Release|Win32
		{B3CDB715-FD26-419A-B589-E4BB6749E57E}.Release|Win32.Build.0 = Release|Win32
		{B3CDB715-FD26-419A-B589-E4BB6749E57E}.MinSizeRel|Win32.ActiveCfg = MinSizeRel|Win32
		{B3CDB715-FD26-419A-B589-E4BB6749E57E}.MinSizeRel|Win32.Build.0 = MinSizeRel|Win32
		{B3CDB715-FD26-419A-B589-E4BB6749E57E}.RelWithDebInfo|Win32.ActiveCfg = RelWithDebInfo|Win32
		{B3CDB715-FD26-419A-B589-E4BB6749E57E}.RelWithDebInfo|Win32.Build.0 = RelWithDebInfo|Win32
		{DDBA9EE7-1AC4-47CE-9D60-6FBE9BD24177}.Debug|Win32.ActiveCfg = Debug|Win32
		{DDBA9EE7-1AC4-47CE-9D60-6FBE9BD24177}.Debug|Win32.Build.0 = Debug|Win32
		{DDBA9EE7-1AC4-47CE-9D60-6FBE9BD24177}.Release|Win32.ActiveCfg = Release|Win32
		{DDBA9EE7-1AC4-47CE-9D60-6FBE9BD24177}.Release|Win32.Build.0 = Release|Win32
		{DDBA9EE7-1AC4-47CE-9D60-6FBE9BD24177}.MinSizeRel|Win32.ActiveCfg = MinSizeRel|Win32
		{DDBA9EE7-1AC4-47CE-9D60-6FBE9BD24177}.MinSizeRel|Win32.Build.0 = MinSizeRel|Win32
		{DDBA9EE7-1AC4-47CE-9D60-6FBE9BD24177}.RelWithDebInfo|Win32.ActiveCfg = RelWithDebInfo|Win32
		{DDBA9EE7-1AC4-47CE-9D60-6FBE9BD24177}.RelWithDebInfo|Win32.Build.0 = RelWithDebInfo|Win32
		{25F1D1F9-C125-4E23-8659-0414E07DDC17}.Debug|Win32.ActiveCfg = Debug|Win32
		{25F1D1F9-C125-4E23-8659-0414E07DDC17}.Debug|Win32.Build.0 = Debug|Win32
		{25F1D1F9-C125-4E23-8659-0414E07DDC17}.Release|Win32.ActiveCfg = Release|Win32
		{25F1D1F9-C125-4E23-8659-0414E07DDC17}.Release|Win32.Build.0 = Release|Win32
		{25F1D1F9-C125-4E23-8659-0414E07DDC17}.MinSizeRel|Win32.ActiveCfg = MinSizeRel|Win32
		{25F1D1F9-C125-4E23-8659-0414E07DDC17}.MinSizeRel|Win32.Build.0 = MinSizeRel|Win32
		{25F1D1F9-C125-4E23-8659-0414E07DDC17}.RelWithDebInfo|Win32.ActiveCfg = RelWithDebInfo|Win32
		{25F1D1F9-C125-4E23-8659-0414E07DDC17}.RelWithDebInfo|Win32.Build.0 = RelWithDebInfo|Win32
		{C0619AC8-AC07-4044-9159-86E0FAB47392}.Debug|Win32.ActiveCfg = Debug|Win32
		{C0619AC8-AC07-4044-9159-86E0FAB47392}.Debug|Win32.Build.0 = Debug|Win32
		{C0619AC8-AC07-4044-9159-86E0FAB47392}.Release|Win32.ActiveCfg = Release|Win32
		{C0619AC8-AC07-4044-9159-86E0FAB47392}.Release|Win32.Build.0 = Release|Win32
		{C0619AC8-AC07-4044-9159-86E0FAB47392}.MinSizeRel|Win32.ActiveCfg = MinSizeRel|Win32
		{C0619AC8-AC07-4044-9159-86E0FAB47392}.MinSizeRel|Win32.Build.0 = MinSizeRel|Win32
		{C0619AC8-AC07-4044-9159-86E0FAB47392}.RelWithDebInfo|Win32.ActiveCfg = RelWithDebInfo|Win32
		{C0619AC8-AC07-4044-9159-86E0FAB47392}.RelWithDebInfo|Win32.Build.0 = RelWithDebInfo|Win32
		{2E9B848D-C5B1-437C-AB6C-93DEC7B41D62}.Debug|Win32.ActiveCfg = Debug|Win32
		{2E9B848D-C5B1-437C-AB6C-93DEC7B41D62}.Debug|Win32.Build.0 = Debug|Win32
		{2E9B848D-C5B1-437C-AB6C-93DEC7B41D62}.Release|Win32.ActiveCfg = Release|Win32
		{2E9B848D-C5B1-437C-AB6C-93DEC7B41D62}.Release|Win32.Build.0 = Release|Win32
		{2E9B848D-C5B1-437C-AB6C-93DEC7B41D62}.MinSizeRel|Win32.ActiveCfg = MinSizeRel|Win32
		{2E9B848D-C5B1-437C-AB6C-93DEC7B41D62}.MinSizeRel|Win32.Build.0 = MinSizeRel|Win32
		{2E9B848D-C5B1-437C-AB6C-93DEC7B41D62}.RelWithDebInfo|Win32.ActiveCfg = RelWithDebInfo|Win32
		{2E9B848D-C5B1-437C-AB6C-93DEC7B41D62}.RelWithDebInfo|Win32.Build.0 = RelWithDebInfo|Win32
		{49D67E60-E6A8-40DB-90C6-38590E9D2FD6}.Debug|Win32.ActiveCfg = Debug|Win32
		{49D67E60-E6A8-40DB-90C6-38590E9D2FD6}.Debug|Win32.Build.0 = Debug|Win32
		{49D67E60-E6A8-40DB-90C6-38590E9D2FD6}.Release|Win32.ActiveCfg = Release|Win32
		{49D67E60-E6A8-40DB-90C6-38590E9D2FD6}.Release|Win32.Build.0 = Release|Win32
		{49D67E60-E6A8-40DB-90C6-38590E9D2FD6}.MinSizeRel|Win32.ActiveCfg = MinSizeRel|Win32
		{49D67E60-E6A8-40DB-90C6-38590E9D2FD6}.MinSizeRel|Win32.Build.0 = MinSizeRel|Win32
		{49D67E60-E6A8-40DB-90C6-38590E9D2FD6}.RelWithDebInfo|Win32.ActiveCfg = RelWithDebInfo|Win32
		{49D67E60-E6A8-40DB-90C6-38590E9D2FD6}.RelWithDebInfo|Win32.Build.0 = RelWithDebInfo|Win32
		{D3FBFF52-3468-4A93-8EC3-BAD7BF160CA3}.Debug|Win32.ActiveCfg = Debug|Win32
		{D3FBFF52-3468-4A93-8EC3-BAD7BF160CA3}.Debug|Win32.Build.0 = Debug|Win32
		{D3FBFF52-3468-4A93-8EC3-BAD7BF160CA3}.Release|Win32.ActiveCfg = Release|Win32
		{D3FBFF52-3468-4A93-8EC3-BAD7BF160CA3}.Release|Win32.Build.0 = Release|Win32
		{D3FBFF52-3468-4A93-8EC3-BAD7BF160CA3}.MinSizeRel|Win32.ActiveCfg = MinSizeRel|Win32
		{D3FBFF52-3468-4A93-8EC3-BAD7BF160CA3}.MinSizeRel|Win32.Build.0 = MinSizeRel|Win32
		{D3FBFF52-3468-4A93-8EC3-BAD7BF160CA3}.RelWithDebInfo|Win32.ActiveCfg = RelWithDebInfo|Win32
		{D3FBFF52-3468-4A93-8EC3-BAD7BF160CA3}.RelWithDebInfo|Win32.Build.0 = RelWithDebInfo|Win32
		{19ACAECF-7D2D-4991-86FD-12711A952739}.Debug|Win32.ActiveCfg = Debug|Win32
		{19ACAECF-7D2D-4991-86FD-12711A952739}.Debug|Win32.Build.0 = Debug|Win32
		{19ACAECF-7D2D-4991-86FD-12711A952739}.Release|Win32.ActiveCfg = Release|Win32
		{19ACAECF-7D2D-4991-86FD-12711A952739}.Release|Win32.Build.0 = Release|Win32
		{19ACAECF-7D2D-4991-86FD-12711A952739}.MinSizeRel|Win32.ActiveCfg = MinSizeRel|Win32
		{19ACAECF-7D2D-4991-86FD-12711A952739}.MinSizeRel|Win32.Build.0 = MinSizeRel|Win32
		{19ACAECF-7D2D-4991-86FD-12711A952739}.RelWithDebInfo|Win32.ActiveCfg = RelWithDebInfo|Win32
		{19ACAECF-7D2D-4991-86FD-12711A952739}.RelWithDebInfo|Win32.Build.0 = RelWithDebInfo|Win32
		{B812F13B-EF53-4F30-8B1F-DD1A5255BC87}.Debug|Win32.ActiveCfg = Debug|Win32
		{B812F13B-EF53-4F30-8B1F-DD1A5255BC87}.Debug|Win32.Build.0 = Debug|Win32
		{B812F13B-EF53-4F30-8B1F-DD1A5255BC87}.Release|Win32.ActiveCfg = Release|Win32
		{B812F13B-EF53-4F30-8B1F-DD1A5255BC87}.Release|Win32.Build.0 = Release|Win32
		{B812F13B-EF53-4F30-8B1F-DD1A5255BC87}.MinSizeRel|Win32.ActiveCfg = MinSizeRel|Win32
		{B812F13B-EF53-4F30-8B1F-DD1A5255BC87}.MinSizeRel|Win32.Build.0 = MinSizeRel|Win32
		{B812F13B-EF53-4F30-8B1F-DD1A5255BC87}.RelWithDebInfo|Win32.ActiveCfg = RelWithDebInfo|Win32
		{B812F13B-EF53-4F30-8B1F-DD1A5255BC87}.RelWithDebInfo|Win32.Build.0 = RelWithDebInfo|Win32
		{35A8B7FC-4E36-4BA4-B0F0-BF8BACDE6B3D}.Debug|Win32.ActiveCfg = Debug|Win32
		{35A8B7FC-4E36-4BA4-B0F0-BF8BACDE6B3D}.Debug|Win32.Build.0 = Debug|Win32
		{35A8B7FC-4E36-4BA4-B0F0-BF8BACDE6B3D}.Release|Win32.ActiveCfg = Release|Win32
		{35A8B7FC-4E36-4BA4-B0F0-BF8BACDE6B3D}.Release|Win32.Build.0 = Release|Win32
		{35A8B7FC-4E36-4BA4-B0F0-BF8BACDE6B3D}.MinSizeRel|Win32.ActiveCfg = MinSizeRel|Win32
		{35A8B7FC-4E36-4BA4-B0F0-BF8BACDE6B3D}.MinSizeRel|Win32.Build.0 = MinSizeRel|Win32
		{35A8B7FC-4E36-4BA4-B0F0-BF8BACDE6B3D}.RelWithDebInfo|Win32.ActiveCfg = RelWithDebInfo|Win32
		{35A8B7FC-4E36-4BA4-B0F0-BF8BACDE6B3D}.RelWithDebInfo|Win32.Build.0 = RelWithDebInfo|Win32
		{40A82954-4F8A-4867-9395-8FA47838093F}.Debug|Win32.ActiveCfg = Debug|Win32
		{40A82954-4F8A-4867-9395-8FA47838093F}.Debug|Win32.Build.0 = Debug|Win32
		{40A82954-4F8A-4867-9395-8FA47838093F}.Release|Win32.ActiveCfg = Release|Win32
		{40A82954-4F8A-4867-9395-8FA47838093F}.Release|Win32.Build.0 = Release|Win32
		{40A82954-4F8A-4867-9395-8FA47838093F}.MinSizeRel|Win32.ActiveCfg = MinSizeRel|Win32
		{40A82954-4F8A-4867-9395-8FA47838093F}.MinSizeRel|Win32.Build.0 = MinSizeRel|Win32
		{40A82954-4F8A-4867-9395-8FA47838093F}.RelWithDebInfo|Win32.ActiveCfg = RelWithDebInfo|Win32
		{40A82954-4F8A-4867-9395-8FA47838093F}.RelWithDebInfo|Win32.Build.0 = RelWithDebInfo|Win32
		{DB39C0E0-78CD-4D4C-9D07-B3F78F5EB6BA}.Debug|Win32.ActiveCfg = Debug|Win32
		{DB39C0E0-78CD-4D4C-9D07-B3F78F5EB6BA}.Debug|Win32.Build.0 = Debug|Win32
		{DB39C0E0-78CD-4D4C-9D07-B3F78F5EB6BA}.Release|Win32.ActiveCfg = Release|Win32
		{DB39C0E0-78CD-4D4C-9D07-B3F78F5EB6BA}.Release|Win32.Build.0 = Release|Win32
		{DB39C0E0-78CD-4D4C-9D07-B3F78F5EB6BA}.MinSizeRel|Win32.ActiveCfg = MinSizeRel|Win32
		{DB39C0E0-78CD-4D4C-9D07-B3F78F5EB6BA}.MinSizeRel|Win32.Build.0 = MinSizeRel|Win32
		{DB39C0E0-78CD-4D4C-9D07-B3F78F5EB6BA}.RelWithDebInfo|Win32.ActiveCfg = RelWithDebInfo|Win32
		{DB39C0E0-78CD-4D4C-9D07-B3F78F5EB6BA}.RelWithDebInfo|Win32.Build.0 = RelWithDebInfo|Win32
		{D4F70D1D-796F-4134-9B6D-081A76E25EDD}.Debug|Win32.ActiveCfg = Debug|Win32
		{D4F70D1D-796F-4134-9B6D-081A76E25EDD}.Debug|Win32.Build.0 = Debug|Win32
		{D4F70D1D-796F-4134-9B6D-081A76E25EDD}.Release|Win32.ActiveCfg = Release|Win32
		{D4F70D1D-796F-4134-9B6D-081A76E25EDD}.Release|Win32.Build.0 = Release|Win32
		{D4F70D1D-796F-4134-9B6D-081A76E25EDD}.MinSizeRel|Win32.ActiveCfg = MinSizeRel|Win32
		{D4F70D1D-796F-4134-9B6D-081A76E25EDD}.MinSizeRel|Win32.Build.0 = MinSizeRel|Win32
		{D4F70D1D-796F-4134-9B6D-081A76E25EDD}.RelWithDebInfo|Win32.ActiveCfg = RelWithDebInfo|Win32
		{D4F70D1D-796F-4134-9B6D-081A76E25EDD}.RelWithDebInfo|Win32.Build.0 = RelWithDebInfo|Win32
		{D2919627-DA64-47B3-887A-5BA3EF7700D8}.Debug|Win32.ActiveCfg = Debug|Win32
		{D2919627-DA64-47B3-887A-5BA3EF7700D8}.Debug|Win32.Build.0 = Debug|Win32
		{D2919627-DA64-47B3-887A-5BA3EF7700D8}.Release|Win32.ActiveCfg = Release|Win32
		{D2919627-DA64-47B3-887A-5BA3EF7700D8}.Release|Win32.Build.0 = Release|Win32
		{D2919627-DA64-47B3-887A-5BA3EF7700D8}.MinSizeRel|Win32.ActiveCfg = MinSizeRel|Win32
		{D2919627-DA64-47B3-887A-5BA3EF7700D8}.MinSizeRel|Win32.Build.0 = MinSizeRel|Win32
		{D2919627-DA64-47B3-887A-5BA3EF7700D8}.RelWithDebInfo|Win32.ActiveCfg = RelWithDebInfo|Win32
		{D2919627-DA64-47B3-887A-5BA3EF7700D8}.RelWithDebInfo|Win32.Build.0 = RelWithDebInfo|Win32
		{48D6ACB3-0778-44B6-9E36-9CB680D196C5}.Debug|Win32.ActiveCfg = Debug|Win32
		{48D6ACB3-0778-44B6-9E36-9CB680D196C5}.Debug|Win32.Build.0 = Debug|Win32
		{48D6ACB3-0778-44B6-9E36-9CB680D196C5}.Release|Win32.ActiveCfg = Release|Win32
		{48D6ACB3-0778-44B6-9E36-9CB680D196C5}.Release|Win32.Build.0 = Release|Win32
		{48D6ACB3-0778-44B6-9E36-9CB680D196C5}.MinSizeRel|Win32.ActiveCfg = MinSizeRel|Win32
		{48D6ACB3-0778-44B6-9E36-9CB680D196C5}.MinSizeRel|Win32.Build.0 = MinSizeRel|Win32
		{48D6ACB3-0778-44B6-9E36-9CB680D196C5}.RelWithDebInfo|Win32.ActiveCfg = RelWithDebInfo|Win32
		{48D6ACB3-0778-44B6-9E36-9CB680D196C5}.RelWithDebInfo|Win32.Build.0 = RelWithDebInfo|Win32
		{2319DC5F-9714-4149-B9B1-9AD4B16ACAC1}.Debug|Win32.ActiveCfg = Debug|Win32
		{2319DC5F-9714-4149-B9B1-9AD4B16ACAC1}.Debug|Win32.Build.0 = Debug|Win32
		{2319DC5F-9714-4149-B9B1-9AD4B16ACAC1}.Release|Win32.ActiveCfg = Release|Win32
		{2319DC5F-9714-4149-B9B1-9AD4B16ACAC1}.Release|Win32.Build.0 = Release|Win32
		{2319DC5F-9714-4149-B9B1-9AD4B16ACAC1}.MinSizeRel|Win32.ActiveCfg = MinSizeRel|Win32
		{2319DC5F-9714-4149-B9B1-9AD4B16ACAC1}.MinSizeRel|Win32.Build.0 = MinSizeRel|Win32
		{2319DC5F-9714-4149-B9B1-9AD4B16ACAC1}.RelWithDebInfo|Win32.ActiveCfg = RelWithDebInfo|Win32
		{2319DC5F-9714-4149-B9B1-9AD4B16ACAC1}.RelWithDebInfo|Win32.Build.0 = RelWithDebInfo|Win32
		{AEA42B13-B210-4A4E-819B-FC481C52C3F2}.Debug|Win32.ActiveCfg = Debug|Win32
		{AEA42B13-B210-4A4E-819B-FC481C52C3F2}.Debug|Win32.Build.0 = Debug|Win32
		{AEA42B13-B210-4A4E-819B-FC481C52C3F2}.Release|Win32.ActiveCfg = Release|Win32
		{AEA42B13-B210-4A4E-819B-FC481C52C3F2}.Release|Win32.Build.0 = Release|Win32
		{AEA42B13-B210-4A4E-819B-FC481C52C3F2}.MinSizeRel|Win32.ActiveCfg = MinSizeRel|Win32
		{AEA42B13-B210-4A4E-819B-FC481C52C3F2}.MinSizeRel|Win32.Build.0 = MinSizeRel|Win32
		{AEA42B13-B210-4A4E-819B-FC481C52C3F2}.RelWithDebInfo|Win32.ActiveCfg = RelWithDebInfo|Win32
		{AEA42B13-B210-4A4E-819B-FC481C52C3F2}.RelWithDebInfo|Win32.Build.0 = RelWithDebInfo|Win32
		{90C6DB0A-CC12-4A31-92AD-001319672E99}.Debug|Win32.ActiveCfg = Debug|Win32
		{90C6DB0A-CC12-4A31-92AD-001319672E99}.Debug|Win32.Build.0 = Debug|Win32
		{90C6DB0A-CC12-4A31-92AD-001319672E99}.Release|Win32.ActiveCfg = Release|Win32
		{90C6DB0A-CC12-4A31-92AD-001319672E99}.Release|Win32.Build.0 = Release|Win32
		{90C6DB0A-CC12-4A31-92AD-001319672E99}.MinSizeRel|Win32.ActiveCfg = MinSizeRel|Win32
		{90C6DB0A-CC12-4A31-92AD-001319672E99}.MinSizeRel|Win32.Build.0 = MinSizeRel|Win32
		{90C6DB0A-CC12-4A31-92AD-001319672E99}.RelWithDebInfo|Win32.ActiveCfg = RelWithDebInfo|Win32
		{90C6DB0A-CC12-4A31-92AD-001319672E99}.RelWithDebInfo|Win32.Build.0 = RelWithDebInfo|Win32
		{C498F02D-2EEA-4635-8063-5011A89B6F26}.Debug|Win32.ActiveCfg = Debug|Win32
		{C498F02D-2EEA-4635-8063-5011A89B6F26}.Debug|Win32.Build.0 = Debug|Win32
		{C498F02D-2EEA-4635-8063-5011A89B6F26}.Release|Win32.ActiveCfg = Release|Win32
		{C498F02D-2EEA-4635-8063-5011A89B6F26}.Release|Win32.Build.0 = Release|Win32
		{C498F02D-2EEA-4635-8063-5011A89B6F26}.MinSizeRel|Win32.ActiveCfg = MinSizeRel|Win32
		{C498F02D-2EEA-4635-8063-5011A89B6F26}.MinSizeRel|Win32.Build.0 = MinSizeRel|Win32
		{C498F02D-2EEA-4635-8063-5011A89B6F26}.RelWithDebInfo|Win32.ActiveCfg = RelWithDebInfo|Win32
		{C498F02D-2EEA-4635-8063-5011A89B6F26}.RelWithDebInfo|Win32.Build.0 = RelWithDebInfo|Win32
		{E6BC1C66-ECAC-4B64-873E-6B35BE787E8D}.Debug|Win32.ActiveCfg = Debug|Win32
		{E6BC1C66-ECAC-4B64-873E-6B35BE787E8D}.Debug|Win32.Build.0 = Debug|Win32
		{E6BC1C66-ECAC-4B64-873E-6B35BE787E8D}.Release|Win32.ActiveCfg = Release|Win32
		{E6BC1C66-ECAC-4B64-873E-6B35BE787E8D}.Release|Win32.Build.0 = Release|Win32
		{E6BC1C66-ECAC-4B64-873E-6B35BE787E8D}.MinSizeRel|Win32.ActiveCfg = MinSizeRel|Win32
		{E6BC1C66-ECAC-4B64-873E-6B35BE787E8D}.MinSizeRel|Win32.Build.0 = MinSizeRel|Win32
		{E6BC1C66-ECAC-4B64-873E-6B35BE787E8D}.RelWithDebInfo|Win32.ActiveCfg = RelWithDebInfo|Win32
		{E6BC1C66-ECAC-4B64-873E-6B35BE787E8D}.RelWithDebInfo|Win32.Build.0 = RelWithDebInfo|Win32
		{FC402B3D-324D-4F24-B88C-71E441C9FC9C}.Debug|Win32.ActiveCfg = Debug|Win32
		{FC402B3D-324D-4F24-B88C-71E441C9FC9C}.Debug|Win32.Build.0 = Debug|Win32
		{FC402B3D-324D-4F24-B88C-71E441C9FC9C}.Release|Win32.ActiveCfg = Release|Win32
		{FC402B3D-324D-4F24-B88C-71E441C9FC9C}.Release|Win32.Build.0 = Release|Win32
		{FC402B3D-324D-4F24-B88C-71E441C9FC9C}.MinSizeRel|Win32.ActiveCfg = MinSizeRel|Win32
		{FC402B3D-324D-4F24-B88C-71E441C9FC9C}.MinSizeRel|Win32.Build.0 = MinSizeRel|Win32
		{FC402B3D-324D-4F24-B88C-71E441C9FC9C}.RelWithDebInfo|Win32.ActiveCfg = RelWithDebInfo|Win32
		{FC402B3D-324D-4F24-B88C-71E441C9FC9C}.RelWithDebInfo|Win32.Build.0 = RelWithDebInfo|Win32
		{935B629A-D2FE-494F-89D3-7DB5C8267DD7}.Debug|Win32.ActiveCfg = Debug|Win32
		{935B629A-D2FE-494F-89D3-7DB5C8267DD7}.Debug|Win32.Build.0 = Debug|Win32
		{935B629A-D2FE-494F-89D3-7DB5C8267DD7}.Release|Win32.ActiveCfg = Release|Win32
		{935B629A-D2FE-494F-89D3-7DB5C8267DD7}.Release|Win32.Build.0 = Release|Win32
		{935B629A-D2FE-494F-89D3-7DB5C8267DD7}.MinSizeRel|Win32.ActiveCfg = MinSizeRel|Win32
		{935B629A-D2FE-494F-89D3-7DB5C8267DD7}.MinSizeRel|Win32.Build.0 = MinSizeRel|Win32
		{935B629A-D2FE-494F-89D3-7DB5C8267DD7}.RelWithDebInfo|Win32.ActiveCfg = RelWithDebInfo|Win32
		{935B629A-D2FE-494F-89D3-7DB5C8267DD7}.RelWithDebInfo|Win32.Build.0 = RelWithDebInfo|Win32
		{79940F48-F13B-4D2A-887A-682BF7C1FE78}.Debug|Win32.ActiveCfg = Debug|Win32
		{79940F48-F13B-4D2A-887A-682BF7C1FE78}.Debug|Win32.Build.0 = Debug|Win32
		{79940F48-F13B-4D2A-887A-682BF7C1FE78}.Release|Win32.ActiveCfg = Release|Win32
		{79940F48-F13B-4D2A-887A-682BF7C1FE78}.Release|Win32.Build.0 = Release|Win32
		{79940F48-F13B-4D2A-887A-682BF7C1FE78}.MinSizeRel|Win32.ActiveCfg = MinSizeRel|Win32
		{79940F48-F13B-4D2A-887A-682BF7C1FE78}.MinSizeRel|Win32.Build.0 = MinSizeRel|Win32
		{79940F48-F13B-4D2A-887A-682BF7C1FE78}.RelWithDebInfo|Win32.ActiveCfg = RelWithDebInfo|Win32
		{79940F48-F13B-4D2A-887A-682BF7C1FE78}.RelWithDebInfo|Win32.Build.0 = RelWithDebInfo|Win32
		{33BC9AB7-8906-4918-AD4E-4418D21E86F2}.Debug|Win32.ActiveCfg = Debug|Win32
		{33BC9AB7-8906-4918-AD4E-4418D21E86F2}.Debug|Win32.Build.0 = Debug|Win32
		{33BC9AB7-8906-4918-AD4E-4418D21E86F2}.Release|Win32.ActiveCfg = Release|Win32
		{33BC9AB7-8906-4918-AD4E-4418D21E86F2}.Release|Win32.Build.0 = Release|Win32
		{33BC9AB7-8906-4918-AD4E-4418D21E86F2}.MinSizeRel|Win32.ActiveCfg = MinSizeRel|Win32
		{33BC9AB7-8906-4918-AD4E-4418D21E86F2}.MinSizeRel|Win32.Build.0 = MinSizeRel|Win32
		{33BC9AB7-8906-4918-AD4E-4418D21E86F2}.RelWithDebInfo|Win32.ActiveCfg = RelWithDebInfo|Win32
		{33BC9AB7-8906-4918-AD4E-4418D21E86F2}.RelWithDebInfo|Win32.Build.0 = RelWithDebInfo|Win32
		{88D7564D-7616-4A8F-926A-08C15CA45F44}.Debug|Win32.ActiveCfg = Debug|Win32
		{88D7564D-7616-4A8F-926A-08C15CA45F44}.Debug|Win32.Build.0 = Debug|Win32
		{88D7564D-7616-4A8F-926A-08C15CA45F44}.Release|Win32.ActiveCfg = Release|Win32
		{88D7564D-7616-4A8F-926A-08C15CA45F44}.Release|Win32.Build.0 = Release|Win32
		{88D7564D-7616-4A8F-926A-08C15CA45F44}.MinSizeRel|Win32.ActiveCfg = MinSizeRel|Win32
		{88D7564D-7616-4A8F-926A-08C15CA45F44}.MinSizeRel|Win32.Build.0 = MinSizeRel|Win32
		{88D7564D-7616-4A8F-926A-08C15CA45F44}.RelWithDebInfo|Win32.ActiveCfg = RelWithDebInfo|Win32
		{88D7564D-7616-4A8F-926A-08C15CA45F44}.RelWithDebInfo|Win32.Build.0 = RelWithDebInfo|Win32
		{0451B2C0-1486-4845-B9FE-AA220679BF6E}.Debug|Win32.ActiveCfg = Debug|Win32
		{0451B2C0-1486-4845-B9FE-AA220679BF6E}.Debug|Win32.Build.0 = Debug|Win32
		{0451B2C0-1486-4845-B9FE-AA220679BF6E}.Release|Win32.ActiveCfg = Release|Win32
		{0451B2C0-1486-4845-B9FE-AA220679BF6E}.Release|Win32.Build.0 = Release|Win32
		{0451B2C0-1486-4845-B9FE-AA220679BF6E}.MinSizeRel|Win32.ActiveCfg = MinSizeRel|Win32
		{0451B2C0-1486-4845-B9FE-AA220679BF6E}.MinSizeRel|Win32.Build.0 = MinSizeRel|Win32
		{0451B2C0-1486-4845-B9FE-AA220679BF6E}.RelWithDebInfo|Win32.ActiveCfg = RelWithDebInfo|Win32
		{0451B2C0-1486-4845-B9FE-AA220679BF6E}.RelWithDebInfo|Win32.Build.0 = RelWithDebInfo|Win32
		{F074E681-7128-4308-B9B9-27CA24589F40}.Debug|Win32.ActiveCfg = Debug|Win32
		{F074E681-7128-4308-B9B9-27CA24589F40}.Debug|Win32.Build.0 = Debug|Win32
		{F074E681-7128-4308-B9B9-27CA24589F40}.Release|Win32.ActiveCfg = Release|Win32
		{F074E681-7128-4308-B9B9-27CA24589F40}.Release|Win32.Build.0 = Release|Win32
		{F074E681-7128-4308-B9B9-27CA24589F40}.MinSizeRel|Win32.ActiveCfg = MinSizeRel|Win32
		{F074E681-7128-4308-B9B9-27CA24589F40}.MinSizeRel|Win32.Build.0 = MinSizeRel|Win32
		{F074E681-7128-4308-B9B9-27CA24589F40}.RelWithDebInfo|Win32.ActiveCfg = RelWithDebInfo|Win32
		{F074E681-7128-4308-B9B9-27CA24589F40}.RelWithDebInfo|Win32.Build.0 = RelWithDebInfo|Win32
		{9640468F-DAB4-40A5-9AA5-A21E93438641}.Debug|Win32.ActiveCfg = Debug|Win32
		{9640468F-DAB4-40A5-9AA5-A21E93438641}.Release|Win32.ActiveCfg = Release|Win32
		{9640468F-DAB4-40A5-9AA5-A21E93438641}.MinSizeRel|Win32.ActiveCfg = MinSizeRel|Win32
		{9640468F-DAB4-40A5-9AA5-A21E93438641}.RelWithDebInfo|Win32.ActiveCfg = RelWithDebInfo|Win32
		{D2424FB9-EA48-4929-AD51-793C73828189}.Debug|Win32.ActiveCfg = Debug|Win32
		{D2424FB9-EA48-4929-AD51-793C73828189}.Debug|Win32.Build.0 = Debug|Win32
		{D2424FB9-EA48-4929-AD51-793C73828189}.Release|Win32.ActiveCfg = Release|Win32
		{D2424FB9-EA48-4929-AD51-793C73828189}.Release|Win32.Build.0 = Release|Win32
		{D2424FB9-EA48-4929-AD51-793C73828189}.MinSizeRel|Win32.ActiveCfg = MinSizeRel|Win32
		{D2424FB9-EA48-4929-AD51-793C73828189}.MinSizeRel|Win32.Build.0 = MinSizeRel|Win32
		{D2424FB9-EA48-4929-AD51-793C73828189}.RelWithDebInfo|Win32.ActiveCfg = RelWithDebInfo|Win32
		{D2424FB9-EA48-4929-AD51-793C73828189}.RelWithDebInfo|Win32.Build.0 = RelWithDebInfo|Win32
		{B2C06581-6121-4CEE-816E-959495A63857}.Debug|Win32.ActiveCfg = Debug|Win32
		{B2C06581-6121-4CEE-816E-959495A63857}.Debug|Win32.Build.0 = Debug|Win32
		{B2C06581-6121-4CEE-816E-959495A63857}.Release|Win32.ActiveCfg = Release|Win32
		{B2C06581-6121-4CEE-816E-959495A63857}.Release|Win32.Build.0 = Release|Win32
		{B2C06581-6121-4CEE-816E-959495A63857}.MinSizeRel|Win32.ActiveCfg = MinSizeRel|Win32
		{B2C06581-6121-4CEE-816E-959495A63857}.MinSizeRel|Win32.Build.0 = MinSizeRel|Win32
		{B2C06581-6121-4CEE-816E-959495A63857}.RelWithDebInfo|Win32.ActiveCfg = RelWithDebInfo|Win32
		{B2C06581-6121-4CEE-816E-959495A63857}.RelWithDebInfo|Win32.Build.0 = RelWithDebInfo|Win32
	EndGlobalSection
	GlobalSection(NestedProjects) = preSolution
		{73DC818F-8FE0-46B6-91AB-AAEE332F9F8D} = {4DEFF6C3-D2AC-446A-A90A-3AF40677B55F}
		{B3CDB715-FD26-419A-B589-E4BB6749E57E} = {4DEFF6C3-D2AC-446A-A90A-3AF40677B55F}
		{10AFA3A5-F8C8-4C0A-B6FE-AF6665A14832} = {BBF5436C-F2D1-4F74-ABDB-E01FEB478B30}
		{D874A845-BB65-4048-85E2-B5BE2F49A1E9} = {BBF5436C-F2D1-4F74-ABDB-E01FEB478B30}
		{D4F70D1D-796F-4134-9B6D-081A76E25EDD} = {BBF5436C-F2D1-4F74-ABDB-E01FEB478B30}
		{25F1D1F9-C125-4E23-8659-0414E07DDC17} = {10AFA3A5-F8C8-4C0A-B6FE-AF6665A14832}
		{DB39C0E0-78CD-4D4C-9D07-B3F78F5EB6BA} = {10AFA3A5-F8C8-4C0A-B6FE-AF6665A14832}
		{48D6ACB3-0778-44B6-9E36-9CB680D196C5} = {10AFA3A5-F8C8-4C0A-B6FE-AF6665A14832}
		{C498F02D-2EEA-4635-8063-5011A89B6F26} = {10AFA3A5-F8C8-4C0A-B6FE-AF6665A14832}
		{79940F48-F13B-4D2A-887A-682BF7C1FE78} = {10AFA3A5-F8C8-4C0A-B6FE-AF6665A14832}
		{33BC9AB7-8906-4918-AD4E-4418D21E86F2} = {10AFA3A5-F8C8-4C0A-B6FE-AF6665A14832}
		{D2424FB9-EA48-4929-AD51-793C73828189} = {10AFA3A5-F8C8-4C0A-B6FE-AF6665A14832}
		{DDBA9EE7-1AC4-47CE-9D60-6FBE9BD24177} = {D874A845-BB65-4048-85E2-B5BE2F49A1E9}
		{C0619AC8-AC07-4044-9159-86E0FAB47392} = {D874A845-BB65-4048-85E2-B5BE2F49A1E9}
		{2E9B848D-C5B1-437C-AB6C-93DEC7B41D62} = {D874A845-BB65-4048-85E2-B5BE2F49A1E9}
		{49D67E60-E6A8-40DB-90C6-38590E9D2FD6} = {D874A845-BB65-4048-85E2-B5BE2F49A1E9}
		{D3FBFF52-3468-4A93-8EC3-BAD7BF160CA3} = {D874A845-BB65-4048-85E2-B5BE2F49A1E9}
		{19ACAECF-7D2D-4991-86FD-12711A952739} = {D874A845-BB65-4048-85E2-B5BE2F49A1E9}
		{B812F13B-EF53-4F30-8B1F-DD1A5255BC87} = {D874A845-BB65-4048-85E2-B5BE2F49A1E9}
		{35A8B7FC-4E36-4BA4-B0F0-BF8BACDE6B3D} = {D874A845-BB65-4048-85E2-B5BE2F49A1E9}
		{40A82954-4F8A-4867-9395-8FA47838093F} = {D874A845-BB65-4048-85E2-B5BE2F49A1E9}
		{D2919627-DA64-47B3-887A-5BA3EF7700D8} = {D874A845-BB65-4048-85E2-B5BE2F49A1E9}
		{2319DC5F-9714-4149-B9B1-9AD4B16ACAC1} = {D874A845-BB65-4048-85E2-B5BE2F49A1E9}
		{AEA42B13-B210-4A4E-819B-FC481C52C3F2} = {D874A845-BB65-4048-85E2-B5BE2F49A1E9}
		{90C6DB0A-CC12-4A31-92AD-001319672E99} = {D874A845-BB65-4048-85E2-B5BE2F49A1E9}
		{E6BC1C66-ECAC-4B64-873E-6B35BE787E8D} = {D874A845-BB65-4048-85E2-B5BE2F49A1E9}
		{FC402B3D-324D-4F24-B88C-71E441C9FC9C} = {D874A845-BB65-4048-85E2-B5BE2F49A1E9}
		{935B629A-D2FE-494F-89D3-7DB5C8267DD7} = {D874A845-BB65-4048-85E2-B5BE2F49A1E9}
		{88D7564D-7616-4A8F-926A-08C15CA45F44} = {D874A845-BB65-4048-85E2-B5BE2F49A1E9}
		{0451B2C0-1486-4845-B9FE-AA220679BF6E} = {D874A845-BB65-4048-85E2-B5BE2F49A1E9}
		{F074E681-7128-4308-B9B9-27CA24589F40} = {D874A845-BB65-4048-85E2-B5BE2F49A1E9}
		{B2C06581-6121-4CEE-816E-959495A63857} = {D874A845-BB65-4048-85E2-B5BE2F49A1E9}
	EndGlobalSection
	GlobalSection(ExtensibilityGlobals) = postSolution
	EndGlobalSection
	GlobalSection(ExtensibilityAddIns) = postSolution
	EndGlobalSection
EndGlobal
